
Microsoft Visual Studio Solution File, Format Version 12.00
# Visual Studio Version 16
VisualStudioVersion = 16.0.29403.142
MinimumVisualStudioVersion = 10.0.40219.1
Project("{FAE04EC0-301F-11D3-BF4B-00C04F79EFBC}") = "Exercise03", "Exercise03.csproj", "{902DB4AD-40CB-4CB2-A345-9D9F00D55295}"
EndProject
Global
	GlobalSection(SolutionConfigurationPlatforms) = preSolution
		Debug|Any CPU = Debug|Any CPU
		Release|Any CPU = Release|Any CPU
	EndGlobalSection
	GlobalSection(ProjectConfigurationPlatforms) = postSolution
		{902DB4AD-40CB-4CB2-A345-9D9F00D55295}.Debug|Any CPU.ActiveCfg = Debug|Any CPU
		{902DB4AD-40CB-4CB2-A345-9D9F00D55295}.Debug|Any CPU.Build.0 = Debug|Any CPU
		{902DB4AD-40CB-4CB2-A345-9D9F00D55295}.Release|Any CPU.ActiveCfg = Release|Any CPU
		{902DB4AD-40CB-4CB2-A345-9D9F00D55295}.Release|Any CPU.Build.0 = Release|Any CPU
	EndGlobalSection
	GlobalSection(SolutionProperties) = preSolution
		HideSolutionNode = FALSE
	EndGlobalSection
	GlobalSection(ExtensibilityGlobals) = postSolution
		SolutionGuid = {50555B32-90D8-4E1E-98CE-8D64023995E8}
	EndGlobalSection
EndGlobal
